
Microsoft Visual Studio Solution File, Format Version 12.00
# Visual Studio Version 17
VisualStudioVersion = 17.9.34728.123
MinimumVisualStudioVersion = 10.0.40219.1
Project("{FAE04EC0-301F-11D3-BF4B-00C04F79EFBC}") = "Parking_Finals", "Parking_Finals\Parking_Finals.csproj", "{C9934B1D-F5CF-4D22-BFDC-FBBF605C39FA}"
EndProject
Global
	GlobalSection(SolutionConfigurationPlatforms) = preSolution
		Debug|Any CPU = Debug|Any CPU
		Release|Any CPU = Release|Any CPU
	EndGlobalSection
	GlobalSection(ProjectConfigurationPlatforms) = postSolution
		{C9934B1D-F5CF-4D22-BFDC-FBBF605C39FA}.Debug|Any CPU.ActiveCfg = Debug|Any CPU
		{C9934B1D-F5CF-4D22-BFDC-FBBF605C39FA}.Debug|Any CPU.Build.0 = Debug|Any CPU
		{C9934B1D-F5CF-4D22-BFDC-FBBF605C39FA}.Release|Any CPU.ActiveCfg = Release|Any CPU
		{C9934B1D-F5CF-4D22-BFDC-FBBF605C39FA}.Release|Any CPU.Build.0 = Release|Any CPU
	EndGlobalSection
	GlobalSection(SolutionProperties) = preSolution
		HideSolutionNode = FALSE
	EndGlobalSection
	GlobalSection(ExtensibilityGlobals) = postSolution
		SolutionGuid = {00F37027-BA74-4381-9C67-CFC62D320895}
	EndGlobalSection
EndGlobal
